
Microsoft Visual Studio Solution File, Format Version 12.00
# Visual Studio 2013
VisualStudioVersion = 12.0.31101.0
MinimumVisualStudioVersion = 10.0.40219.1
Project("{FAE04EC0-301F-11D3-BF4B-00C04F79EFBC}") = "RemoteWinPadServer", "RemoteWinPadServer\RemoteWinPadServer.csproj", "{DF75C863-EAC8-4541-9B7B-4F50B0209C98}"
EndProject
Project("{2150E333-8FDC-42A3-9474-1A3956D46DE8}") = "RemoteWinPadClient", "RemoteWinPadClient", "{E282DD1A-57B8-4EAE-8068-1D6904A0202C}"
EndProject
Project("{D954291E-2A0B-460D-934E-DC6B0785DB48}") = "RemoteWinPadClient.Shared", "RemoteWinPadClient\RemoteWinPadClient.Shared\RemoteWinPadClient.Shared.shproj", "{5F800545-9DA2-4886-A073-680DFFFDFDE2}"
EndProject
Project("{FAE04EC0-301F-11D3-BF4B-00C04F79EFBC}") = "RemoteWinPadClient.Windows", "RemoteWinPadClient\RemoteWinPadClient.Windows\RemoteWinPadClient.Windows.csproj", "{FD5B0208-C430-4BF4-B4D0-3DCCB96C9A10}"
EndProject
Project("{FAE04EC0-301F-11D3-BF4B-00C04F79EFBC}") = "RemoteWinPadClient.WindowsPhone", "RemoteWinPadClient\RemoteWinPadClient.WindowsPhone\RemoteWinPadClient.WindowsPhone.csproj", "{D646FF1B-572B-4E1E-A0A4-83D2A91A8CC2}"
EndProject
Project("{FAE04EC0-301F-11D3-BF4B-00C04F79EFBC}") = "RemoteWinPadLib", "RemoteWinPadLib\RemoteWinPadLib.csproj", "{18C59050-B1A9-462C-8080-49ABE7FC89E1}"
EndProject
Global
	GlobalSection(SharedMSBuildProjectFiles) = preSolution
		RemoteWinPadClient\RemoteWinPadClient.Shared\RemoteWinPadClient.Shared.projitems*{5f800545-9da2-4886-a073-680dfffdfde2}*SharedItemsImports = 13
		RemoteWinPadClient\RemoteWinPadClient.Shared\RemoteWinPadClient.Shared.projitems*{d646ff1b-572b-4e1e-a0a4-83d2a91a8cc2}*SharedItemsImports = 4
		RemoteWinPadClient\RemoteWinPadClient.Shared\RemoteWinPadClient.Shared.projitems*{fd5b0208-c430-4bf4-b4d0-3dccb96c9a10}*SharedItemsImports = 4
	EndGlobalSection
	GlobalSection(SolutionConfigurationPlatforms) = preSolution
		Debug|Any CPU = Debug|Any CPU
		Debug|ARM = Debug|ARM
		Debug|x64 = Debug|x64
		Debug|x86 = Debug|x86
		Release|Any CPU = Release|Any CPU
		Release|ARM = Release|ARM
		Release|x64 = Release|x64
		Release|x86 = Release|x86
	EndGlobalSection
	GlobalSection(ProjectConfigurationPlatforms) = postSolution
		{DF75C863-EAC8-4541-9B7B-4F50B0209C98}.Debug|Any CPU.ActiveCfg = Debug|Any CPU
		{DF75C863-EAC8-4541-9B7B-4F50B0209C98}.Debug|Any CPU.Build.0 = Debug|Any CPU
		{DF75C863-EAC8-4541-9B7B-4F50B0209C98}.Debug|ARM.ActiveCfg = Debug|Any CPU
		{DF75C863-EAC8-4541-9B7B-4F50B0209C98}.Debug|x64.ActiveCfg = Debug|Any CPU
		{DF75C863-EAC8-4541-9B7B-4F50B0209C98}.Debug|x86.ActiveCfg = Debug|Any CPU
		{DF75C863-EAC8-4541-9B7B-4F50B0209C98}.Release|Any CPU.ActiveCfg = Release|Any CPU
		{DF75C863-EAC8-4541-9B7B-4F50B0209C98}.Release|Any CPU.Build.0 = Release|Any CPU
		{DF75C863-EAC8-4541-9B7B-4F50B0209C98}.Release|ARM.ActiveCfg = Release|Any CPU
		{DF75C863-EAC8-4541-9B7B-4F50B0209C98}.Release|x64.ActiveCfg = Release|Any CPU
		{DF75C863-EAC8-4541-9B7B-4F50B0209C98}.Release|x86.ActiveCfg = Release|Any CPU
		{FD5B0208-C430-4BF4-B4D0-3DCCB96C9A10}.Debug|Any CPU.ActiveCfg = Debug|Any CPU
		{FD5B0208-C430-4BF4-B4D0-3DCCB96C9A10}.Debug|Any CPU.Build.0 = Debug|Any CPU
		{FD5B0208-C430-4BF4-B4D0-3DCCB96C9A10}.Debug|Any CPU.Deploy.0 = Debug|Any CPU
		{FD5B0208-C430-4BF4-B4D0-3DCCB96C9A10}.Debug|ARM.ActiveCfg = Debug|ARM
		{FD5B0208-C430-4BF4-B4D0-3DCCB96C9A10}.Debug|ARM.Build.0 = Debug|ARM
		{FD5B0208-C430-4BF4-B4D0-3DCCB96C9A10}.Debug|ARM.Deploy.0 = Debug|ARM
		{FD5B0208-C430-4BF4-B4D0-3DCCB96C9A10}.Debug|x64.ActiveCfg = Debug|x64
		{FD5B0208-C430-4BF4-B4D0-3DCCB96C9A10}.Debug|x64.Build.0 = Debug|x64
		{FD5B0208-C430-4BF4-B4D0-3DCCB96C9A10}.Debug|x64.Deploy.0 = Debug|x64
		{FD5B0208-C430-4BF4-B4D0-3DCCB96C9A10}.Debug|x86.ActiveCfg = Debug|x86
		{FD5B0208-C430-4BF4-B4D0-3DCCB96C9A10}.Debug|x86.Build.0 = Debug|x86
		{FD5B0208-C430-4BF4-B4D0-3DCCB96C9A10}.Debug|x86.Deploy.0 = Debug|x86
		{FD5B0208-C430-4BF4-B4D0-3DCCB96C9A10}.Release|Any CPU.ActiveCfg = Release|Any CPU
		{FD5B0208-C430-4BF4-B4D0-3DCCB96C9A10}.Release|Any CPU.Build.0 = Release|Any CPU
		{FD5B0208-C430-4BF4-B4D0-3DCCB96C9A10}.Release|Any CPU.Deploy.0 = Release|Any CPU
		{FD5B0208-C430-4BF4-B4D0-3DCCB96C9A10}.Release|ARM.ActiveCfg = Release|ARM
		{FD5B0208-C430-4BF4-B4D0-3DCCB96C9A10}.Release|ARM.Build.0 = Release|ARM
		{FD5B0208-C430-4BF4-B4D0-3DCCB96C9A10}.Release|ARM.Deploy.0 = Release|ARM
		{FD5B0208-C430-4BF4-B4D0-3DCCB96C9A10}.Release|x64.ActiveCfg = Release|x64
		{FD5B0208-C430-4BF4-B4D0-3DCCB96C9A10}.Release|x64.Build.0 = Release|x64
		{FD5B0208-C430-4BF4-B4D0-3DCCB96C9A10}.Release|x64.Deploy.0 = Release|x64
		{FD5B0208-C430-4BF4-B4D0-3DCCB96C9A10}.Release|x86.ActiveCfg = Release|x86
		{FD5B0208-C430-4BF4-B4D0-3DCCB96C9A10}.Release|x86.Build.0 = Release|x86
		{FD5B0208-C430-4BF4-B4D0-3DCCB96C9A10}.Release|x86.Deploy.0 = Release|x86
		{D646FF1B-572B-4E1E-A0A4-83D2A91A8CC2}.Debug|Any CPU.ActiveCfg = Debug|Any CPU
		{D646FF1B-572B-4E1E-A0A4-83D2A91A8CC2}.Debug|Any CPU.Build.0 = Debug|Any CPU
		{D646FF1B-572B-4E1E-A0A4-83D2A91A8CC2}.Debug|Any CPU.Deploy.0 = Debug|Any CPU
		{D646FF1B-572B-4E1E-A0A4-83D2A91A8CC2}.Debug|ARM.ActiveCfg = Debug|ARM
		{D646FF1B-572B-4E1E-A0A4-83D2A91A8CC2}.Debug|ARM.Build.0 = Debug|ARM
		{D646FF1B-572B-4E1E-A0A4-83D2A91A8CC2}.Debug|ARM.Deploy.0 = Debug|ARM
		{D646FF1B-572B-4E1E-A0A4-83D2A91A8CC2}.Debug|x64.ActiveCfg = Debug|Any CPU
		{D646FF1B-572B-4E1E-A0A4-83D2A91A8CC2}.Debug|x86.ActiveCfg = Debug|x86
		{D646FF1B-572B-4E1E-A0A4-83D2A91A8CC2}.Debug|x86.Build.0 = Debug|x86
		{D646FF1B-572B-4E1E-A0A4-83D2A91A8CC2}.Debug|x86.Deploy.0 = Debug|x86
		{D646FF1B-572B-4E1E-A0A4-83D2A91A8CC2}.Release|Any CPU.ActiveCfg = Release|Any CPU
		{D646FF1B-572B-4E1E-A0A4-83D2A91A8CC2}.Release|Any CPU.Build.0 = Release|Any CPU
		{D646FF1B-572B-4E1E-A0A4-83D2A91A8CC2}.Release|Any CPU.Deploy.0 = Release|Any CPU
		{D646FF1B-572B-4E1E-A0A4-83D2A91A8CC2}.Release|ARM.ActiveCfg = Release|ARM
		{D646FF1B-572B-4E1E-A0A4-83D2A91A8CC2}.Release|ARM.Build.0 = Release|ARM
		{D646FF1B-572B-4E1E-A0A4-83D2A91A8CC2}.Release|ARM.Deploy.0 = Release|ARM
		{D646FF1B-572B-4E1E-A0A4-83D2A91A8CC2}.Release|x64.ActiveCfg = Release|Any CPU
		{D646FF1B-572B-4E1E-A0A4-83D2A91A8CC2}.Release|x86.ActiveCfg = Release|x86
		{D646FF1B-572B-4E1E-A0A4-83D2A91A8CC2}.Release|x86.Build.0 = Release|x86
		{D646FF1B-572B-4E1E-A0A4-83D2A91A8CC2}.Release|x86.Deploy.0 = Release|x86
		{18C59050-B1A9-462C-8080-49ABE7FC89E1}.Debug|Any CPU.ActiveCfg = Debug|Any CPU
		{18C59050-B1A9-462C-8080-49ABE7FC89E1}.Debug|Any CPU.Build.0 = Debug|Any CPU
		{18C59050-B1A9-462C-8080-49ABE7FC89E1}.Debug|ARM.ActiveCfg = Debug|Any CPU
		{18C59050-B1A9-462C-8080-49ABE7FC89E1}.Debug|x64.ActiveCfg = Debug|Any CPU
		{18C59050-B1A9-462C-8080-49ABE7FC89E1}.Debug|x86.ActiveCfg = Debug|Any CPU
		{18C59050-B1A9-462C-8080-49ABE7FC89E1}.Release|Any CPU.ActiveCfg = Release|Any CPU
		{18C59050-B1A9-462C-8080-49ABE7FC89E1}.Release|Any CPU.Build.0 = Release|Any CPU
		{18C59050-B1A9-462C-8080-49ABE7FC89E1}.Release|ARM.ActiveCfg = Release|Any CPU
		{18C59050-B1A9-462C-8080-49ABE7FC89E1}.Release|x64.ActiveCfg = Release|Any CPU
		{18C59050-B1A9-462C-8080-49ABE7FC89E1}.Release|x86.ActiveCfg = Release|Any CPU
	EndGlobalSection
	GlobalSection(SolutionProperties) = preSolution
		HideSolutionNode = FALSE
	EndGlobalSection
	GlobalSection(NestedProjects) = preSolution
		{5F800545-9DA2-4886-A073-680DFFFDFDE2} = {E282DD1A-57B8-4EAE-8068-1D6904A0202C}
		{FD5B0208-C430-4BF4-B4D0-3DCCB96C9A10} = {E282DD1A-57B8-4EAE-8068-1D6904A0202C}
		{D646FF1B-572B-4E1E-A0A4-83D2A91A8CC2} = {E282DD1A-57B8-4EAE-8068-1D6904A0202C}
	EndGlobalSection
EndGlobal
